{
  "name": "modernjs",
  "version": "1.0.0",
  "lockfileVersion": 2,
  "requires": true,
  "packages": {
    "": {
      "name": "modernjs",
      "version": "1.0.0",
      "license": "ISC",
      "dependencies": {
        "glob-parent": "^6.0.0"
      }
    },
    "node_modules/glob-parent": {
      "version": "6.0.0",
      "resolved": "https://registry.npmjs.org/glob-parent/-/glob-parent-6.0.0.tgz",
      "integrity": "sha512-Hdd4287VEJcZXUwv1l8a+vXC1GjOQqXe+VS30w/ypihpcnu9M1n3xeYeJu5CBpeEQj2nAab2xxz28GuA3vp4Ww==",
      "dependencies": {
        "is-glob": "^4.0.1"
      },
      "engines": {
        "node": ">=10.13.0"
      }
    },
    "node_modules/is-extglob": {
      "version": "2.1.1",
      "resolved": "https://registry.npmjs.org/is-extglob/-/is-extglob-2.1.1.tgz",
      "integrity": "sha1-qIwCU1eR8C7TfHahueqXc8gz+MI=",
      "engines": {
        "node": ">=0.10.0"
      }
    },
    "node_modules/is-glob": {
      "version": "4.0.1",
      "resolved": "https://registry.npmjs.org/is-glob/-/is-glob-4.0.1.tgz",
      "integrity": "sha512-5G0tKtBTFImOqDnLB2hG6Bp2qcKEFduo4tZu9MT/H6NQv/ghhy30o55ufafxJ/LdH79LLs2Kfrn85TLKyA7BUg==",
      "dependencies": {
        "is-extglob": "^2.1.1"
      },
      "engines": {
        "node": ">=0.10.0"
      }
    }
  },
  "dependencies": {
    "glob-parent": {
      "version": "6.0.0",
      "resolved": "https://registry.npmjs.org/glob-parent/-/glob-parent-6.0.0.tgz",
      "integrity": "sha512-Hdd4287VEJcZXUwv1l8a+vXC1GjOQqXe+VS30w/ypihpcnu9M1n3xeYeJu5CBpeEQj2nAab2xxz28GuA3vp4Ww==",
      "requires": {
        "is-glob": "^4.0.1"
      }
    },
    "is-extglob": {
      "version": "2.1.1",
      "resolved": "https://registry.npmjs.org/is-extglob/-/is-extglob-2.1.1.tgz",
      "integrity": "sha1-qIwCU1eR8C7TfHahueqXc8gz+MI="
    },
    "is-glob": {
      "version": "4.0.1",
      "resolved": "https://registry.npmjs.org/is-glob/-/is-glob-4.0.1.tgz",
      "integrity": "sha512-5G0tKtBTFImOqDnLB2hG6Bp2qcKEFduo4tZu9MT/H6NQv/ghhy30o55ufafxJ/LdH79LLs2Kfrn85TLKyA7BUg==",
      "requires": {
        "is-extglob": "^2.1.1"
      }
    }
  }
}
